// !$*UTF8*$!
{
	archiveVersion = 1;
	classes = {
	};
	objectVersion = 46;
	objects = {

/* Begin PBXBuildFile section */
		511D807B1B2DB0D3000375E8 /* main.m in Sources */ = {isa = PBXBuildFile; fileRef = 511D807A1B2DB0D3000375E8 /* main.m */; };
		511D807E1B2DB0D3000375E8 /* AppDelegate.m in Sources */ = {isa = PBXBuildFile; fileRef = 511D807D1B2DB0D3000375E8 /* AppDelegate.m */; };
		511D80811B2DB0D3000375E8 /* ViewController.m in Sources */ = {isa = PBXBuildFile; fileRef = 511D80801B2DB0D3000375E8 /* ViewController.m */; };
		511D80841B2DB0D3000375E8 /* Main.storyboard in Resources */ = {isa = PBXBuildFile; fileRef = 511D80821B2DB0D3000375E8 /* Main.storyboard */; };
		511D80861B2DB0D3000375E8 /* Images.xcassets in Resources */ = {isa = PBXBuildFile; fileRef = 511D80851B2DB0D3000375E8 /* Images.xcassets */; };
		511D80891B2DB0D3000375E8 /* LaunchScreen.xib in Resources */ = {isa = PBXBuildFile; fileRef = 511D80871B2DB0D3000375E8 /* LaunchScreen.xib */; };
		511D80951B2DB0D3000375E8 /* ToDoListTests.m in Sources */ = {isa = PBXBuildFile; fileRef = 511D80941B2DB0D3000375E8 /* ToDoListTests.m */; };
		511D80A01B2DEA54000375E8 /* AddToDoItemViewController.m in Sources */ = {isa = PBXBuildFile; fileRef = 511D809F1B2DEA54000375E8 /* AddToDoItemViewController.m */; };
		511D80A31B2DEB8D000375E8 /* ToDoListTableTableViewController.m in Sources */ = {isa = PBXBuildFile; fileRef = 511D80A21B2DEB8D000375E8 /* ToDoListTableTableViewController.m */; };
		518CB09C1B30724B002EF44E /* ToDoItem.m in Sources */ = {isa = PBXBuildFile; fileRef = 518CB09B1B30724B002EF44E /* ToDoItem.m */; };
/* End PBXBuildFile section */

/* Begin PBXContainerItemProxy section */
		511D808F1B2DB0D3000375E8 /* PBXContainerItemProxy */ = {
			isa = PBXContainerItemProxy;
			containerPortal = 511D806D1B2DB0D3000375E8 /* Project object */;
			proxyType = 1;
			remoteGlobalIDString = 511D80741B2DB0D3000375E8;
			remoteInfo = ToDoList;
		};
/* End PBXContainerItemProxy section */

/* Begin PBXFileReference section */
		511D80751B2DB0D3000375E8 /* ToDoList.app */ = {isa = PBXFileReference; explicitFileType = wrapper.application; includeInIndex = 0; path = ToDoList.app; sourceTree = BUILT_PRODUCTS_DIR; };
		511D80791B2DB0D3000375E8 /* Info.plist */ = {isa = PBXFileReference; lastKnownFileType = text.plist.xml; path = Info.plist; sourceTree = "<group>"; };
		511D807A1B2DB0D3000375E8 /* main.m */ = {isa = PBXFileReference; lastKnownFileType = sourcecode.c.objc; path = main.m; sourceTree = "<group>"; };
		511D807C1B2DB0D3000375E8 /* AppDelegate.h */ = {isa = PBXFileReference; lastKnownFileType = sourcecode.c.h; path = AppDelegate.h; sourceTree = "<group>"; };
		511D807D1B2DB0D3000375E8 /* AppDelegate.m */ = {isa = PBXFileReference; lastKnownFileType = sourcecode.c.objc; path = AppDelegate.m; sourceTree = "<group>"; };
		511D807F1B2DB0D3000375E8 /* ViewController.h */ = {isa = PBXFileReference; lastKnownFileType = sourcecode.c.h; path = ViewController.h; sourceTree = "<group>"; };
		511D80801B2DB0D3000375E8 /* ViewController.m */ = {isa = PBXFileReference; lastKnownFileType = sourcecode.c.objc; path = ViewController.m; sourceTree = "<group>"; };
		511D80831B2DB0D3000375E8 /* Base */ = {isa = PBXFileReference; lastKnownFileType = file.storyboard; name = Base; path = Base.lproj/Main.storyboard; sourceTree = "<group>"; };
		511D80851B2DB0D3000375E8 /* Images.xcassets */ = {isa = PBXFileReference; lastKnownFileType = folder.assetcatalog; path = Images.xcassets; sourceTree = "<group>"; };
		511D80881B2DB0D3000375E8 /* Base */ = {isa = PBXFileReference; lastKnownFileType = file.xib; name = Base; path = Base.lproj/LaunchScreen.xib; sourceTree = "<group>"; };
		511D808E1B2DB0D3000375E8 /* ToDoListTests.xctest */ = {isa = PBXFileReference; explicitFileType = wrapper.cfbundle; includeInIndex = 0; path = ToDoListTests.xctest; sourceTree = BUILT_PRODUCTS_DIR; };
		511D80931B2DB0D3000375E8 /* Info.plist */ = {isa = PBXFileReference; lastKnownFileType = text.plist.xml; path = Info.plist; sourceTree = "<group>"; };
		511D80941B2DB0D3000375E8 /* ToDoListTests.m */ = {isa = PBXFileReference; lastKnownFileType = sourcecode.c.objc; path = ToDoListTests.m; sourceTree = "<group>"; };
		511D809E1B2DEA54000375E8 /* AddToDoItemViewController.h */ = {isa = PBXFileReference; fileEncoding = 4; lastKnownFileType = sourcecode.c.h; path = AddToDoItemViewController.h; sourceTree = "<group>"; };
		511D809F1B2DEA54000375E8 /* AddToDoItemViewController.m */ = {isa = PBXFileReference; fileEncoding = 4; lastKnownFileType = sourcecode.c.objc; path = AddToDoItemViewController.m; sourceTree = "<group>"; };
		511D80A11B2DEB8D000375E8 /* ToDoListTableTableViewController.h */ = {isa = PBXFileReference; fileEncoding = 4; lastKnownFileType = sourcecode.c.h; path = ToDoListTableTableViewController.h; sourceTree = "<group>"; };
		511D80A21B2DEB8D000375E8 /* ToDoListTableTableViewController.m */ = {isa = PBXFileReference; fileEncoding = 4; lastKnownFileType = sourcecode.c.objc; path = ToDoListTableTableViewController.m; sourceTree = "<group>"; };
		518CB09A1B30724B002EF44E /* ToDoItem.h */ = {isa = PBXFileReference; fileEncoding = 4; lastKnownFileType = sourcecode.c.h; path = ToDoItem.h; sourceTree = "<group>"; };
		518CB09B1B30724B002EF44E /* ToDoItem.m */ = {isa = PBXFileReference; fileEncoding = 4; lastKnownFileType = sourcecode.c.objc; path = ToDoItem.m; sourceTree = "<group>"; };
/* End PBXFileReference section */

/* Begin PBXFrameworksBuildPhase section */
		511D80721B2DB0D3000375E8 /* Frameworks */ = {
			isa = PBXFrameworksBuildPhase;
			buildActionMask = 2147483647;
			files = (
			);
			runOnlyForDeploymentPostprocessing = 0;
		};
		511D808B1B2DB0D3000375E8 /* Frameworks */ = {
			isa = PBXFrameworksBuildPhase;
			buildActionMask = 2147483647;
			files = (
			);
			runOnlyForDeploymentPostprocessing = 0;
		};
/* End PBXFrameworksBuildPhase section */

/* Begin PBXGroup section */
		511D806C1B2DB0D3000375E8 = {
			isa = PBXGroup;
			children = (
				511D80771B2DB0D3000375E8 /* ToDoList */,
				511D80911B2DB0D3000375E8 /* ToDoListTests */,
				511D80761B2DB0D3000375E8 /* Products */,
			);
			sourceTree = "<group>";
		};
		511D80761B2DB0D3000375E8 /* Products */ = {
			isa = PBXGroup;
			children = (
				511D80751B2DB0D3000375E8 /* ToDoList.app */,
				511D808E1B2DB0D3000375E8 /* ToDoListTests.xctest */,
			);
			name = Products;
			sourceTree = "<group>";
		};
		511D80771B2DB0D3000375E8 /* ToDoList */ = {
			isa = PBXGroup;
			children = (
				511D807C1B2DB0D3000375E8 /* AppDelegate.h */,
				511D807D1B2DB0D3000375E8 /* AppDelegate.m */,
				511D807F1B2DB0D3000375E8 /* ViewController.h */,
				511D809E1B2DEA54000375E8 /* AddToDoItemViewController.h */,
				511D809F1B2DEA54000375E8 /* AddToDoItemViewController.m */,
				511D80801B2DB0D3000375E8 /* ViewController.m */,
				511D80821B2DB0D3000375E8 /* Main.storyboard */,
				511D80A11B2DEB8D000375E8 /* ToDoListTableTableViewController.h */,
				511D80A21B2DEB8D000375E8 /* ToDoListTableTableViewController.m */,
				518CB09A1B30724B002EF44E /* ToDoItem.h */,
				518CB09B1B30724B002EF44E /* ToDoItem.m */,
				511D80851B2DB0D3000375E8 /* Images.xcassets */,
				511D80871B2DB0D3000375E8 /* LaunchScreen.xib */,
				511D80781B2DB0D3000375E8 /* Supporting Files */,
			);
			path = ToDoList;
			sourceTree = "<group>";
		};
		511D80781B2DB0D3000375E8 /* Supporting Files */ = {
			isa = PBXGroup;
			children = (
				511D80791B2DB0D3000375E8 /* Info.plist */,
				511D807A1B2DB0D3000375E8 /* main.m */,
			);
			name = "Supporting Files";
			sourceTree = "<group>";
		};
		511D80911B2DB0D3000375E8 /* ToDoListTests */ = {
			isa = PBXGroup;
			children = (
				511D80941B2DB0D3000375E8 /* ToDoListTests.m */,
				511D80921B2DB0D3000375E8 /* Supporting Files */,
			);
			path = ToDoListTests;
			sourceTree = "<group>";
		};
		511D80921B2DB0D3000375E8 /* Supporting Files */ = {
			isa = PBXGroup;
			children = (
				511D80931B2DB0D3000375E8 /* Info.plist */,
			);
			name = "Supporting Files";
			sourceTree = "<group>";
		};
/* End PBXGroup section */

/* Begin PBXNativeTarget section */
		511D80741B2DB0D3000375E8 /* ToDoList */ = {
			isa = PBXNativeTarget;
			buildConfigurationList = 511D80981B2DB0D3000375E8 /* Build configuration list for PBXNativeTarget "ToDoList" */;
			buildPhases = (
				511D80711B2DB0D3000375E8 /* Sources */,
				511D80721B2DB0D3000375E8 /* Frameworks */,
				511D80731B2DB0D3000375E8 /* Resources */,
			);
			buildRules = (
			);
			dependencies = (
			);
			name = ToDoList;
			productName = ToDoList;
			productReference = 511D80751B2DB0D3000375E8 /* ToDoList.app */;
			productType = "com.apple.product-type.application";
		};
		511D808D1B2DB0D3000375E8 /* ToDoListTests */ = {
			isa = PBXNativeTarget;
			buildConfigurationList = 511D809B1B2DB0D3000375E8 /* Build configuration list for PBXNativeTarget "ToDoListTests" */;
			buildPhases = (
				511D808A1B2DB0D3000375E8 /* Sources */,
				511D808B1B2DB0D3000375E8 /* Frameworks */,
				511D808C1B2DB0D3000375E8 /* Resources */,
			);
			buildRules = (
			);
			dependencies = (
				511D80901B2DB0D3000375E8 /* PBXTargetDependency */,
			);
			name = ToDoListTests;
			productName = ToDoListTests;
			productReference = 511D808E1B2DB0D3000375E8 /* ToDoListTests.xctest */;
			productType = "com.apple.product-type.bundle.unit-test";
		};
/* End PBXNativeTarget section */

/* Begin PBXProject section */
		511D806D1B2DB0D3000375E8 /* Project object */ = {
			isa = PBXProject;
			attributes = {
				LastUpgradeCheck = 0630;
				ORGANIZATIONNAME = hyleong;
				TargetAttributes = {
					511D80741B2DB0D3000375E8 = {
						CreatedOnToolsVersion = 6.3.2;
					};
					511D808D1B2DB0D3000375E8 = {
						CreatedOnToolsVersion = 6.3.2;
						TestTargetID = 511D80741B2DB0D3000375E8;
					};
				};
			};
			buildConfigurationList = 511D80701B2DB0D3000375E8 /* Build configuration list for PBXProject "ToDoList" */;
			compatibilityVersion = "Xcode 3.2";
			developmentRegion = English;
			hasScannedForEncodings = 0;
			knownRegions = (
				en,
				Base,
			);
			mainGroup = 511D806C1B2DB0D3000375E8;
			productRefGroup = 511D80761B2DB0D3000375E8 /* Products */;
			projectDirPath = "";
			projectRoot = "";
			targets = (
				511D80741B2DB0D3000375E8 /* ToDoList */,
				511D808D1B2DB0D3000375E8 /* ToDoListTests */,
			);
		};
/* End PBXProject section */

/* Begin PBXResourcesBuildPhase section */
		511D80731B2DB0D3000375E8 /* Resources */ = {
			isa = PBXResourcesBuildPhase;
			buildActionMask = 2147483647;
			files = (
				511D80841B2DB0D3000375E8 /* Main.storyboard in Resources */,
				511D80891B2DB0D3000375E8 /* LaunchScreen.xib in Resources */,
				511D80861B2DB0D3000375E8 /* Images.xcassets in Resources */,
			);
			runOnlyForDeploymentPostprocessing = 0;
		};
		511D808C1B2DB0D3000375E8 /* Resources */ = {
			isa = PBXResourcesBuildPhase;
			buildActionMask = 2147483647;
			files = (
			);
			runOnlyForDeploymentPostprocessing = 0;
		};
/* End PBXResourcesBuildPhase section */

/* Begin PBXSourcesBuildPhase section */
		511D80711B2DB0D3000375E8 /* Sources */ = {
			isa = PBXSourcesBuildPhase;
			buildActionMask = 2147483647;
			files = (
				518CB09C1B30724B002EF44E /* ToDoItem.m in Sources */,
				511D80811B2DB0D3000375E8 /* ViewController.m in Sources */,
				511D807E1B2DB0D3000375E8 /* AppDelegate.m in Sources */,
				511D807B1B2DB0D3000375E8 /* main.m in Sources */,
				511D80A31B2DEB8D000375E8 /* ToDoListTableTableViewController.m in Sources */,
				511D80A01B2DEA54000375E8 /* AddToDoItemViewController.m in Sources */,
			);
			runOnlyForDeploymentPostprocessing = 0;
		};
		511D808A1B2DB0D3000375E8 /* Sources */ = {
			isa = PBXSourcesBuildPhase;
			buildActionMask = 2147483647;
			files = (
				511D80951B2DB0D3000375E8 /* ToDoListTests.m in Sources */,
			);
			runOnlyForDeploymentPostprocessing = 0;
		};
/* End PBXSourcesBuildPhase section */

/* Begin PBXTargetDependency section */
		511D80901B2DB0D3000375E8 /* PBXTargetDependency */ = {
			isa = PBXTargetDependency;
			target = 511D80741B2DB0D3000375E8 /* ToDoList */;
			targetProxy = 511D808F1B2DB0D3000375E8 /* PBXContainerItemProxy */;
		};
/* End PBXTargetDependency section */

/* Begin PBXVariantGroup section */
		511D80821B2DB0D3000375E8 /* Main.storyboard */ = {
			isa = PBXVariantGroup;
			children = (
				511D80831B2DB0D3000375E8 /* Base */,
			);
			name = Main.storyboard;
			sourceTree = "<group>";
		};
		511D80871B2DB0D3000375E8 /* LaunchScreen.xib */ = {
			isa = PBXVariantGroup;
			children = (
				511D80881B2DB0D3000375E8 /* Base */,
			);
			name = LaunchScreen.xib;
			sourceTree = "<group>";
		};
/* End PBXVariantGroup section */

/* Begin XCBuildConfiguration section */
		511D80961B2DB0D3000375E8 /* Debug */ = {
			isa = XCBuildConfiguration;
			buildSettings = {
				ALWAYS_SEARCH_USER_PATHS = NO;
				CLANG_CXX_LANGUAGE_STANDARD = "gnu++0x";
				CLANG_CXX_LIBRARY = "libc++";
				CLANG_ENABLE_MODULES = YES;
				CLANG_ENABLE_OBJC_ARC = YES;
				CLANG_WARN_BOOL_CONVERSION = YES;
				CLANG_WARN_CONSTANT_CONVERSION = YES;
				CLANG_WARN_DIRECT_OBJC_ISA_USAGE = YES_ERROR;
				CLANG_WARN_EMPTY_BODY = YES;
				CLANG_WARN_ENUM_CONVERSION = YES;
				CLANG_WARN_INT_CONVERSION = YES;
				CLANG_WARN_OBJC_ROOT_CLASS = YES_ERROR;
				CLANG_WARN_UNREACHABLE_CODE = YES;
				CLANG_WARN__DUPLICATE_METHOD_MATCH = YES;
				"CODE_SIGN_IDENTITY[sdk=iphoneos*]" = "iPhone Developer";
				COPY_PHASE_STRIP = NO;
				DEBUG_INFORMATION_FORMAT = "dwarf-with-dsym";
				ENABLE_STRICT_OBJC_MSGSEND = YES;
				GCC_C_LANGUAGE_STANDARD = gnu99;
				GCC_DYNAMIC_NO_PIC = NO;
				GCC_NO_COMMON_BLOCKS = YES;
				GCC_OPTIMIZATION_LEVEL = 0;
				GCC_PREPROCESSOR_DEFINITIONS = (
					"DEBUG=1",
					"$(inherited)",
				);
				GCC_SYMBOLS_PRIVATE_EXTERN = NO;
				GCC_WARN_64_TO_32_BIT_CONVERSION = YES;
				GCC_WARN_ABOUT_RETURN_TYPE = YES_ERROR;
				GCC_WARN_UNDECLARED_SELECTOR = YES;
				GCC_WARN_UNINITIALIZED_AUTOS = YES_AGGRESSIVE;
				GCC_WARN_UNUSED_FUNCTION = YES;
				GCC_WARN_UNUSED_VARIABLE = YES;
				IPHONEOS_DEPLOYMENT_TARGET = 8.3;
				MTL_ENABLE_DEBUG_INFO = YES;
				ONLY_ACTIVE_ARCH = YES;
				SDKROOT = iphoneos;
				TARGETED_DEVICE_FAMILY = "1,2";
			};
			name = Debug;
		};
		511D80971B2DB0D3000375E8 /* Release */ = {
			isa = XCBuildConfiguration;
			buildSettings = {
				ALWAYS_SEARCH_USER_PATHS = NO;
				CLANG_CXX_LANGUAGE_STANDARD = "gnu++0x";
				CLANG_CXX_LIBRARY = "libc++";
				CLANG_ENABLE_MODULES = YES;
				CLANG_ENABLE_OBJC_ARC = YES;
				CLANG_WARN_BOOL_CONVERSION = YES;
				CLANG_WARN_CONSTANT_CONVERSION = YES;
				CLANG_WARN_DIRECT_OBJC_ISA_USAGE = YES_ERROR;
				CLANG_WARN_EMPTY_BODY = YES;
				CLANG_WARN_ENUM_CONVERSION = YES;
				CLANG_WARN_INT_CONVERSION = YES;
				CLANG_WARN_OBJC_ROOT_CLASS = YES_ERROR;
				CLANG_WARN_UNREACHABLE_CODE = YES;
				CLANG_WARN__DUPLICATE_METHOD_MATCH = YES;
				"CODE_SIGN_IDENTITY[sdk=iphoneos*]" = "iPhone Developer";
				COPY_PHASE_STRIP = NO;
				DEBUG_INFORMATION_FORMAT = "dwarf-with-dsym";
				ENABLE_NS_ASSERTIONS = NO;
				ENABLE_STRICT_OBJC_MSGSEND = YES;
				GCC_C_LANGUAGE_STANDARD = gnu99;
				GCC_NO_COMMON_BLOCKS = YES;
				GCC_WARN_64_TO_32_BIT_CONVERSION = YES;
				GCC_WARN_ABOUT_RETURN_TYPE = YES_ERROR;
				GCC_WARN_UNDECLARED_SELECTOR = YES;
				GCC_WARN_UNINITIALIZED_AUTOS = YES_AGGRESSIVE;
				GCC_WARN_UNUSED_FUNCTION = YES;
				GCC_WARN_UNUSED_VARIABLE = YES;
				IPHONEOS_DEPLOYMENT_TARGET = 8.3;
				MTL_ENABLE_DEBUG_INFO = NO;
				SDKROOT = iphoneos;
				TARGETED_DEVICE_FAMILY = "1,2";
				VALIDATE_PRODUCT = YES;
			};
			name = Release;
		};
		511D80991B2DB0D3000375E8 /* Debug */ = {
			isa = XCBuildConfiguration;
			buildSettings = {
				ASSETCATALOG_COMPILER_APPICON_NAME = AppIcon;
				INFOPLIST_FILE = ToDoList/Info.plist;
				LD_RUNPATH_SEARCH_PATHS = "$(inherited) @executable_path/Frameworks";
				PRODUCT_NAME = "$(TARGET_NAME)";
			};
			name = Debug;
		};
		511D809A1B2DB0D3000375E8 /* Release */ = {
			isa = XCBuildConfiguration;
			buildSettings = {
				ASSETCATALOG_COMPILER_APPICON_NAME = AppIcon;
				INFOPLIST_FILE = ToDoList/Info.plist;
				LD_RUNPATH_SEARCH_PATHS = "$(inherited) @executable_path/Frameworks";
				PRODUCT_NAME = "$(TARGET_NAME)";
			};
			name = Release;
		};
		511D809C1B2DB0D3000375E8 /* Debug */ = {
			isa = XCBuildConfiguration;
			buildSettings = {
				BUNDLE_LOADER = "$(TEST_HOST)";
				FRAMEWORK_SEARCH_PATHS = (
					"$(SDKROOT)/Developer/Library/Frameworks",
					"$(inherited)",
				);
				GCC_PREPROCESSOR_DEFINITIONS = (
					"DEBUG=1",
					"$(inherited)",
				);
				INFOPLIST_FILE = ToDoListTests/Info.plist;
				LD_RUNPATH_SEARCH_PATHS = "$(inherited) @executable_path/Frameworks @loader_path/Frameworks";
				PRODUCT_NAME = "$(TARGET_NAME)";
				TEST_HOST = "$(BUILT_PRODUCTS_DIR)/ToDoList.app/ToDoList";
			};
			name = Debug;
		};
		511D809D1B2DB0D3000375E8 /* Release */ = {
			isa = XCBuildConfiguration;
			buildSettings = {
				BUNDLE_LOADER = "$(TEST_HOST)";
				FRAMEWORK_SEARCH_PATHS = (
					"$(SDKROOT)/Developer/Library/Frameworks",
					"$(inherited)",
				);
				INFOPLIST_FILE = ToDoListTests/Info.plist;
				LD_RUNPATH_SEARCH_PATHS = "$(inherited) @executable_path/Frameworks @loader_path/Frameworks";
				PRODUCT_NAME = "$(TARGET_NAME)";
				TEST_HOST = "$(BUILT_PRODUCTS_DIR)/ToDoList.app/ToDoList";
			};
			name = Release;
		};
/* End XCBuildConfiguration section */

/* Begin XCConfigurationList section */
		511D80701B2DB0D3000375E8 /* Build configuration list for PBXProject "ToDoList" */ = {
			isa = XCConfigurationList;
			buildConfigurations = (
				511D80961B2DB0D3000375E8 /* Debug */,
				511D80971B2DB0D3000375E8 /* Release */,
			);
			defaultConfigurationIsVisible = 0;
			defaultConfigurationName = Release;
		};
		511D80981B2DB0D3000375E8 /* Build configuration list for PBXNativeTarget "ToDoList" */ = {
			isa = XCConfigurationList;
			buildConfigurations = (
				511D80991B2DB0D3000375E8 /* Debug */,
				511D809A1B2DB0D3000375E8 /* Release */,
			);
			defaultConfigurationIsVisible = 0;
			defaultConfigurationName = Release;
		};
		511D809B1B2DB0D3000375E8 /* Build configuration list for PBXNativeTarget "ToDoListTests" */ = {
			isa = XCConfigurationList;
			buildConfigurations = (
				511D809C1B2DB0D3000375E8 /* Debug */,
				511D809D1B2DB0D3000375E8 /* Release */,
			);
			defaultConfigurationIsVisible = 0;
			defaultConfigurationName = Release;
		};
/* End XCConfigurationList section */
	};
	rootObject = 511D806D1B2DB0D3000375E8 /* Project object */;
}
